
Microsoft Visual Studio Solution File, Format Version 12.00
# Visual Studio Version 17
VisualStudioVersion = 17.4.33122.133
MinimumVisualStudioVersion = 10.0.40219.1
Project("{FAE04EC0-301F-11D3-BF4B-00C04F79EFBC}") = "Task3", "Task3\Task3.csproj", "{BFC53DD7-F2E3-4ED8-A4E4-46D59E8C7E38}"
EndProject
Global
	GlobalSection(SolutionConfigurationPlatforms) = preSolution
		Debug|Any CPU = Debug|Any CPU
		Release|Any CPU = Release|Any CPU
	EndGlobalSection
	GlobalSection(ProjectConfigurationPlatforms) = postSolution
		{BFC53DD7-F2E3-4ED8-A4E4-46D59E8C7E38}.Debug|Any CPU.ActiveCfg = Debug|Any CPU
		{BFC53DD7-F2E3-4ED8-A4E4-46D59E8C7E38}.Debug|Any CPU.Build.0 = Debug|Any CPU
		{BFC53DD7-F2E3-4ED8-A4E4-46D59E8C7E38}.Release|Any CPU.ActiveCfg = Release|Any CPU
		{BFC53DD7-F2E3-4ED8-A4E4-46D59E8C7E38}.Release|Any CPU.Build.0 = Release|Any CPU
	EndGlobalSection
	GlobalSection(SolutionProperties) = preSolution
		HideSolutionNode = FALSE
	EndGlobalSection
	GlobalSection(ExtensibilityGlobals) = postSolution
		SolutionGuid = {1641F32B-4C73-4E77-9E76-904DA46C3D77}
	EndGlobalSection
EndGlobal
